github.com/agtabesh/lsh v0.3.2 h1:XSNcXnmDSkE+vPoAQUoJ0/VhZRUrpiiPtyPNOZQ7iqw=
github.com/agtabesh/lsh v0.3.2/go.mod h1:15fVvOiTHpvrIQpk8bshBsn+dg9J25B4uYDZhnLmVi4=
github.com/pierrec/xxHash v0.1.5 h1:n/jBpwTHiER4xYvK3/CdPVnLDPchj8eTJFFLUb4QHBo=
github.com/pierrec/xxHash v0.1.5/go.mod h1:w2waW5Zoa/Wc4Yqe0wgrIYAGKqRMf7czn2HNKXmuL+I=
